[[package]]
name = "std::crumbtrail"
version = "1.0.1"
source = "https://s3-ap-southeast-1.amazonaws.com/registry.uwe.app"
checksum = "e95f7c5c1508d7834848ad2c0ee8ab12efd5e41c78ba7d5143c2997a1a1daedb"

[[package]]
name = "std::core"
version = "4.1.11"
source = "https://s3-ap-southeast-1.amazonaws.com/registry.uwe.app"
checksum = "9984aa8da54dd708d1c870818c3c8b9df4892fc3f2f23c0af3683000576851ae"
