[[package]]
name = "std::core"
version = "5.0.1"
checksum = "92a22b61d85fb9009026725fe1ec2f2438e9532c3e44aebf3243b9daafebb640"
source = "https://s3-ap-southeast-1.amazonaws.com/registry.uwe.app"

[[package]]
name = "std::crumbtrail"
version = "1.0.3"
checksum = "efb795c2ff054be4239c7ef3a7f3251b76f474df74e42fda0b043a4ed64bf27d"
source = "https://s3-ap-southeast-1.amazonaws.com/registry.uwe.app"
