[[package]]
name = "std::author"
version = "1.0.2"
checksum = "af817cee4e373c7f89a1350a2e45f0ade38074b4b2caddc710b11b66fd28fc7f"
source = "https://s3-ap-southeast-1.amazonaws.com/registry.uwe.app"

[[package]]
name = "std::blueprint::blog"
version = "1.0.7"
checksum = "a81428c96f18f7299d102fd9b06ad0dfa66014d647018acf969f31ee183d0ced"
source = "https://s3-ap-southeast-1.amazonaws.com/registry.uwe.app"

[[package]]
name = "std::paginate"
version = "1.0.1"
checksum = "9b6b8ee2a6ae4949db813c5b3d6c4f29862ea6cfbfa765d97e667407e4bb1206"
source = "https://s3-ap-southeast-1.amazonaws.com/registry.uwe.app"

[[package]]
name = "std::core"
version = "5.0.1"
checksum = "92a22b61d85fb9009026725fe1ec2f2438e9532c3e44aebf3243b9daafebb640"
source = "https://s3-ap-southeast-1.amazonaws.com/registry.uwe.app"

[[package]]
name = "std::feed"
version = "2.0.0"
checksum = "b3bdc05240636609527de1fd82a1c32740751a66c294ac6637289c925fde96e3"
source = "https://s3-ap-southeast-1.amazonaws.com/registry.uwe.app"

[[package]]
name = "std::syntax"
version = "1.0.1"
checksum = "ce53850cef8e9d99480fe3f3ac2a9899ccdc9a5ca8ce73f36d3e41cfefe9554a"
source = "https://s3-ap-southeast-1.amazonaws.com/registry.uwe.app"
